PODS:
  - AwesomeLoading (0.1.8):
    - lottie-ios
  - lottie-ios (3.0.3)

DEPENDENCIES:
  - AwesomeLoading (from `../`)

SPEC REPOS:
  https://github.com/cocoapods/specs.git:
    - lottie-ios

EXTERNAL SOURCES:
  AwesomeLoading:
    :path: "../"

SPEC CHECKSUMS:
  AwesomeLoading: e47bdb2dd3a3429e5fc29d76980d920fa73fb66a
  lottie-ios: 06e0b54aab85ba128e332687d7f4ac4861a7a7ae

PODFILE CHECKSUM: 7473420c9a5dc1e28fde1065c9bb8d4dd8a65dbe

COCOAPODS: 1.6.0
